
Microsoft Visual Studio Solution File, Format Version 12.00
# Visual Studio Version 16
VisualStudioVersion = 16.0.31129.286
MinimumVisualStudioVersion = 10.0.40219.1
Project("{9A19103F-16F7-4668-BE54-9A1E7A4F7556}") = "TeamProject-Manager-Api", "TeamProject-Manager-Api\TeamProject-Manager-Api.csproj", "{18A885EC-1DB4-4221-9BB6-C27E98F1EC7A}"
EndProject
Project("{9A19103F-16F7-4668-BE54-9A1E7A4F7556}") = "TeamProject-Manager.Test", "TeamProject-Manager.Test\TeamProject-Manager.Test.csproj", "{C0AF6E40-65D0-4CDB-8104-9EA6F8A9041C}"
EndProject
Project("{2150E333-8FDC-42A3-9474-1A3956D46DE8}") = "Solution Items", "Solution Items", "{1774AF60-EB49-4C0E-8CC6-7D29537D6E8A}"
	ProjectSection(SolutionItems) = preProject
		README.md = README.md
	EndProjectSection
EndProject
Global
	GlobalSection(SolutionConfigurationPlatforms) = preSolution
		Debug|Any CPU = Debug|Any CPU
		Release|Any CPU = Release|Any CPU
	EndGlobalSection
	GlobalSection(ProjectConfigurationPlatforms) = postSolution
		{18A885EC-1DB4-4221-9BB6-C27E98F1EC7A}.Debug|Any CPU.ActiveCfg = Debug|Any CPU
		{18A885EC-1DB4-4221-9BB6-C27E98F1EC7A}.Debug|Any CPU.Build.0 = Debug|Any CPU
		{18A885EC-1DB4-4221-9BB6-C27E98F1EC7A}.Release|Any CPU.ActiveCfg = Release|Any CPU
		{18A885EC-1DB4-4221-9BB6-C27E98F1EC7A}.Release|Any CPU.Build.0 = Release|Any CPU
		{C0AF6E40-65D0-4CDB-8104-9EA6F8A9041C}.Debug|Any CPU.ActiveCfg = Debug|Any CPU
		{C0AF6E40-65D0-4CDB-8104-9EA6F8A9041C}.Debug|Any CPU.Build.0 = Debug|Any CPU
		{C0AF6E40-65D0-4CDB-8104-9EA6F8A9041C}.Release|Any CPU.ActiveCfg = Release|Any CPU
		{C0AF6E40-65D0-4CDB-8104-9EA6F8A9041C}.Release|Any CPU.Build.0 = Release|Any CPU
	EndGlobalSection
	GlobalSection(SolutionProperties) = preSolution
		HideSolutionNode = FALSE
	EndGlobalSection
	GlobalSection(ExtensibilityGlobals) = postSolution
		SolutionGuid = {78F97A9B-9A24-4A05-8C9C-E8BB71D5D6A0}
	EndGlobalSection
EndGlobal
